
Microsoft Visual Studio Solution File, Format Version 12.00
# Visual Studio Version 16
VisualStudioVersion = 16.0.28922.388
MinimumVisualStudioVersion = 10.0.40219.1
Project("{FAE04EC0-301F-11D3-BF4B-00C04F79EFBC}") = "Static Image Generator", "Static Image Generator.csproj", "{800A9468-8105-4173-8B50-4A5BD061A421}"
EndProject
Global
	GlobalSection(SolutionConfigurationPlatforms) = preSolution
		Debug|Any CPU = Debug|Any CPU
		Release|Any CPU = Release|Any CPU
	EndGlobalSection
	GlobalSection(ProjectConfigurationPlatforms) = postSolution
		{800A9468-8105-4173-8B50-4A5BD061A421}.Debug|Any CPU.ActiveCfg = Debug|Any CPU
		{800A9468-8105-4173-8B50-4A5BD061A421}.Debug|Any CPU.Build.0 = Debug|Any CPU
		{800A9468-8105-4173-8B50-4A5BD061A421}.Release|Any CPU.ActiveCfg = Release|Any CPU
		{800A9468-8105-4173-8B50-4A5BD061A421}.Release|Any CPU.Build.0 = Release|Any CPU
	EndGlobalSection
	GlobalSection(SolutionProperties) = preSolution
		HideSolutionNode = FALSE
	EndGlobalSection
	GlobalSection(ExtensibilityGlobals) = postSolution
		SolutionGuid = {2B059D17-4061-49D6-913B-1BE210E8F14E}
	EndGlobalSection
EndGlobal
